
Microsoft Visual Studio Solution File, Format Version 12.00
# Visual Studio 15
VisualStudioVersion = 15.0.27130.2003
MinimumVisualStudioVersion = 10.0.40219.1
Project("{2150E333-8FDC-42A3-9474-1A3956D46DE8}") = "Common", "Common", "{CFF8A548-78F2-480F-B8BD-D0F7DC322D0C}"
EndProject
Project("{2150E333-8FDC-42A3-9474-1A3956D46DE8}") = "Server", "Server", "{CC48F36B-D43F-41C4-972B-25A6AE4B5984}"
EndProject
Project("{2150E333-8FDC-42A3-9474-1A3956D46DE8}") = "Client", "Client", "{475C7712-02B1-4DE1-94F9-C86E11D6F851}"
EndProject
Project("{2150E333-8FDC-42A3-9474-1A3956D46DE8}") = "Infrastructure", "Infrastructure", "{D3694495-6400-44FE-B8E7-DF5B2CA40A9A}"
EndProject
Project("{9A19103F-16F7-4668-BE54-9A1E7A4F7556}") = "Host", "src\Server\Host\Host.csproj", "{1DBAD589-DE1A-46F2-9FC5-398BEA61A1A5}"
EndProject
Project("{9A19103F-16F7-4668-BE54-9A1E7A4F7556}") = "DataAccess", "src\Server\DataAccess\DataAccess.csproj", "{494A3B93-4BE2-4E19-B501-821A005DDED9}"
EndProject
Project("{9A19103F-16F7-4668-BE54-9A1E7A4F7556}") = "Infrastructure.DataAccess", "src\Infrastructure\Infrastructure.DataAccess\Infrastructure.DataAccess.csproj", "{9BC54878-23F5-473A-91F5-7848C9D7E91C}"
EndProject
Project("{9A19103F-16F7-4668-BE54-9A1E7A4F7556}") = "DataAccess.Model", "src\Server\DataAccess.Model\DataAccess.Model.csproj", "{252177F7-F0A8-422C-B3E4-53E5170EABC3}"
EndProject
Project("{6EC3EE1D-3C4E-46DD-8F32-0CC8E7565705}") = "Domain.Interface", "src\Server\Domain.Interface\Domain.Interface.fsproj", "{6D289E43-B9EE-420C-954F-0508BF6901CD}"
EndProject
Project("{6EC3EE1D-3C4E-46DD-8F32-0CC8E7565705}") = "DataService", "src\Server\DataService\DataService.fsproj", "{E69BC052-B19F-4B93-9428-A29577787482}"
EndProject
Project("{9A19103F-16F7-4668-BE54-9A1E7A4F7556}") = "DataAccess.Repository", "src\Server\DataAccess.Repository\DataAccess.Repository.csproj", "{AB9D4C08-022E-40FE-B7BF-6F6AECC6DF4F}"
EndProject
Global
	GlobalSection(SolutionConfigurationPlatforms) = preSolution
		Debug|Any CPU = Debug|Any CPU
		Release|Any CPU = Release|Any CPU
	EndGlobalSection
	GlobalSection(ProjectConfigurationPlatforms) = postSolution
		{1DBAD589-DE1A-46F2-9FC5-398BEA61A1A5}.Debug|Any CPU.ActiveCfg = Debug|Any CPU
		{1DBAD589-DE1A-46F2-9FC5-398BEA61A1A5}.Debug|Any CPU.Build.0 = Debug|Any CPU
		{1DBAD589-DE1A-46F2-9FC5-398BEA61A1A5}.Release|Any CPU.ActiveCfg = Release|Any CPU
		{1DBAD589-DE1A-46F2-9FC5-398BEA61A1A5}.Release|Any CPU.Build.0 = Release|Any CPU
		{494A3B93-4BE2-4E19-B501-821A005DDED9}.Debug|Any CPU.ActiveCfg = Debug|Any CPU
		{494A3B93-4BE2-4E19-B501-821A005DDED9}.Debug|Any CPU.Build.0 = Debug|Any CPU
		{494A3B93-4BE2-4E19-B501-821A005DDED9}.Release|Any CPU.ActiveCfg = Release|Any CPU
		{494A3B93-4BE2-4E19-B501-821A005DDED9}.Release|Any CPU.Build.0 = Release|Any CPU
		{9BC54878-23F5-473A-91F5-7848C9D7E91C}.Debug|Any CPU.ActiveCfg = Debug|Any CPU
		{9BC54878-23F5-473A-91F5-7848C9D7E91C}.Debug|Any CPU.Build.0 = Debug|Any CPU
		{9BC54878-23F5-473A-91F5-7848C9D7E91C}.Release|Any CPU.ActiveCfg = Release|Any CPU
		{9BC54878-23F5-473A-91F5-7848C9D7E91C}.Release|Any CPU.Build.0 = Release|Any CPU
		{252177F7-F0A8-422C-B3E4-53E5170EABC3}.Debug|Any CPU.ActiveCfg = Debug|Any CPU
		{252177F7-F0A8-422C-B3E4-53E5170EABC3}.Debug|Any CPU.Build.0 = Debug|Any CPU
		{252177F7-F0A8-422C-B3E4-53E5170EABC3}.Release|Any CPU.ActiveCfg = Release|Any CPU
		{252177F7-F0A8-422C-B3E4-53E5170EABC3}.Release|Any CPU.Build.0 = Release|Any CPU
		{6D289E43-B9EE-420C-954F-0508BF6901CD}.Debug|Any CPU.ActiveCfg = Debug|Any CPU
		{6D289E43-B9EE-420C-954F-0508BF6901CD}.Debug|Any CPU.Build.0 = Debug|Any CPU
		{6D289E43-B9EE-420C-954F-0508BF6901CD}.Release|Any CPU.ActiveCfg = Release|Any CPU
		{6D289E43-B9EE-420C-954F-0508BF6901CD}.Release|Any CPU.Build.0 = Release|Any CPU
		{E69BC052-B19F-4B93-9428-A29577787482}.Debug|Any CPU.ActiveCfg = Debug|Any CPU
		{E69BC052-B19F-4B93-9428-A29577787482}.Debug|Any CPU.Build.0 = Debug|Any CPU
		{E69BC052-B19F-4B93-9428-A29577787482}.Release|Any CPU.ActiveCfg = Release|Any CPU
		{E69BC052-B19F-4B93-9428-A29577787482}.Release|Any CPU.Build.0 = Release|Any CPU
		{AB9D4C08-022E-40FE-B7BF-6F6AECC6DF4F}.Debug|Any CPU.ActiveCfg = Debug|Any CPU
		{AB9D4C08-022E-40FE-B7BF-6F6AECC6DF4F}.Debug|Any CPU.Build.0 = Debug|Any CPU
		{AB9D4C08-022E-40FE-B7BF-6F6AECC6DF4F}.Release|Any CPU.ActiveCfg = Release|Any CPU
		{AB9D4C08-022E-40FE-B7BF-6F6AECC6DF4F}.Release|Any CPU.Build.0 = Release|Any CPU
	EndGlobalSection
	GlobalSection(SolutionProperties) = preSolution
		HideSolutionNode = FALSE
	EndGlobalSection
	GlobalSection(NestedProjects) = preSolution
		{1DBAD589-DE1A-46F2-9FC5-398BEA61A1A5} = {CC48F36B-D43F-41C4-972B-25A6AE4B5984}
		{494A3B93-4BE2-4E19-B501-821A005DDED9} = {CC48F36B-D43F-41C4-972B-25A6AE4B5984}
		{9BC54878-23F5-473A-91F5-7848C9D7E91C} = {D3694495-6400-44FE-B8E7-DF5B2CA40A9A}
		{252177F7-F0A8-422C-B3E4-53E5170EABC3} = {CC48F36B-D43F-41C4-972B-25A6AE4B5984}
		{6D289E43-B9EE-420C-954F-0508BF6901CD} = {CC48F36B-D43F-41C4-972B-25A6AE4B5984}
		{E69BC052-B19F-4B93-9428-A29577787482} = {CC48F36B-D43F-41C4-972B-25A6AE4B5984}
		{AB9D4C08-022E-40FE-B7BF-6F6AECC6DF4F} = {CC48F36B-D43F-41C4-972B-25A6AE4B5984}
	EndGlobalSection
	GlobalSection(ExtensibilityGlobals) = postSolution
		SolutionGuid = {0500FFE7-B6B4-47EF-9602-7F5974D92741}
	EndGlobalSection
EndGlobal
